
Microsoft Visual Studio Solution File, Format Version 12.00
# Visual Studio 14
VisualStudioVersion = 14.0.25420.1
MinimumVisualStudioVersion = 10.0.40219.1
Project("{FAE04EC0-301F-11D3-BF4B-00C04F79EFBC}") = "wsBanco", "wsBanco\wsBanco.csproj", "{F89525DE-2BB3-4121-AD87-677FBEFFCF0A}"
EndProject
Global
	GlobalSection(SolutionConfigurationPlatforms) = preSolution
		Debug|Any CPU = Debug|Any CPU
		Release|Any CPU = Release|Any CPU
	EndGlobalSection
	GlobalSection(ProjectConfigurationPlatforms) = postSolution
		{F89525DE-2BB3-4121-AD87-677FBEFFCF0A}.Debug|Any CPU.ActiveCfg = Debug|Any CPU
		{F89525DE-2BB3-4121-AD87-677FBEFFCF0A}.Debug|Any CPU.Build.0 = Debug|Any CPU
		{F89525DE-2BB3-4121-AD87-677FBEFFCF0A}.Release|Any CPU.ActiveCfg = Release|Any CPU
		{F89525DE-2BB3-4121-AD87-677FBEFFCF0A}.Release|Any CPU.Build.0 = Release|Any CPU
	EndGlobalSection
	GlobalSection(SolutionProperties) = preSolution
		HideSolutionNode = FALSE
	EndGlobalSection
EndGlobal
